{
  "name": "llmnav",
  "version": "0.7.3",
  "lockfileVersion": 3,
  "requires": true,
  "packages": {
    "": {
      "name": "llmnav",
      "version": "0.7.3",
      "license": "MIT",
      "bin": {
        "llmnav": "bin/llmnav.js"
      },
      "engines": {
        "node": ">=22.0.0"
      }
    }
  }
}
