example.auth.session
example.auth.session.rotate
example.auth.session.rotate-contract
example.billing.credit
example.billing.credit.reserve
example.privacy.export
example.privacy.export.prepare
example.privacy.export.prepare-contract
llmnav.agent.install
llmnav.cli.dispatch
llmnav.eval.measure
llmnav.index.generate
llmnav.project.initialize
llmnav.rules.validate
llmnav.search.query
llmnav.syntax.parse
llmnav.index.changes
llmnav.index.incremental
llmnav.index.inverted
llmnav.index.transaction
llmnav.search.tokenize
llmnav.contract.fingerprint
llmnav.structure.boundaries
llmnav.diagnostics.sarif
llmnav.index.search-shards
llmnav.graph.import
llmnav.graph.generate
llmnav.agent.protocol
llmnav.agent.prompt-bundle
llmnav.agent.tool-schema
llmnav.diagnostics.editor
llmnav.config.load
llmnav.declaration.extract
llmnav.diagnostics.doctor
llmnav.project.scan
llmnav.registry.ids
llmnav.source.discover
llmnav.source.format
llmnav.spec.contract
llmnav.agent.provider-neutral-host
llmnav.audit.coverage
llmnav.eval.conformance
